
Microsoft Visual Studio Solution File, Format Version 12.00
# Visual Studio Version 16
VisualStudioVersion = 16.0.30907.101
MinimumVisualStudioVersion = 10.0.40219.1
Project("{9A19103F-16F7-4668-BE54-9A1E7A4F7556}") = "KampInrto", "KampInrto\KampInrto.csproj", "{1BD725F6-6EA2-453E-90F1-BBE1E4E4F80F}"
EndProject
Project("{9A19103F-16F7-4668-BE54-9A1E7A4F7556}") = "Donguler", "Donguler\Donguler.csproj", "{60F4A5ED-F484-48CD-9A03-AEDCB685C37A}"
EndProject
Project("{9A19103F-16F7-4668-BE54-9A1E7A4F7556}") = "ClassIntro", "ClassIntro\ClassIntro.csproj", "{DA3F28E0-7C56-4D0D-A01A-51058642E01D}"
EndProject
Project("{9A19103F-16F7-4668-BE54-9A1E7A4F7556}") = "Metotlar", "Metotlar\Metotlar.csproj", "{51E12A7E-52AB-4186-B3FC-3C5044ED44AF}"
EndProject
Project("{9A19103F-16F7-4668-BE54-9A1E7A4F7556}") = "Matematik", "Matematik\Matematik.csproj", "{230542A5-4021-415E-9D0C-D5C8FE18243F}"
EndProject
Project("{9A19103F-16F7-4668-BE54-9A1E7A4F7556}") = "DegerVeReferansTipler", "DegerVeReferansTipler\DegerVeReferansTipler.csproj", "{95ABF528-B5C1-4441-BF0C-EB53E44E71B7}"
EndProject
Project("{9A19103F-16F7-4668-BE54-9A1E7A4F7556}") = "OOP1", "OOP1\OOP1.csproj", "{78B8B947-0C37-4F4B-8BA1-D6D930996CF2}"
EndProject
Project("{9A19103F-16F7-4668-BE54-9A1E7A4F7556}") = "Koleksiyonlar", "Koleksiyonlar\Koleksiyonlar.csproj", "{D382B832-B77B-4060-8E4A-53D07E732CEC}"
EndProject
Project("{FAE04EC0-301F-11D3-BF4B-00C04F79EFBC}") = "GenericsIntro", "GenericsIntro\GenericsIntro.csproj", "{ACA69F32-DCEE-4A64-AA97-8F0676988D63}"
EndProject
Project("{FAE04EC0-301F-11D3-BF4B-00C04F79EFBC}") = "OOP2", "OOP2\OOP2.csproj", "{8F2F58D4-A58E-4EF6-8CFA-3970001DCFF9}"
EndProject
Project("{FAE04EC0-301F-11D3-BF4B-00C04F79EFBC}") = "OOP3", "OOP3\OOP3.csproj", "{57F60062-AE11-494D-9AAB-317FFB2CF44A}"
EndProject
Global
	GlobalSection(SolutionConfigurationPlatforms) = preSolution
		Debug|Any CPU = Debug|Any CPU
		Release|Any CPU = Release|Any CPU
	EndGlobalSection
	GlobalSection(ProjectConfigurationPlatforms) = postSolution
		{1BD725F6-6EA2-453E-90F1-BBE1E4E4F80F}.Debug|Any CPU.ActiveCfg = Debug|Any CPU
		{1BD725F6-6EA2-453E-90F1-BBE1E4E4F80F}.Debug|Any CPU.Build.0 = Debug|Any CPU
		{1BD725F6-6EA2-453E-90F1-BBE1E4E4F80F}.Release|Any CPU.ActiveCfg = Release|Any CPU
		{1BD725F6-6EA2-453E-90F1-BBE1E4E4F80F}.Release|Any CPU.Build.0 = Release|Any CPU
		{60F4A5ED-F484-48CD-9A03-AEDCB685C37A}.Debug|Any CPU.ActiveCfg = Debug|Any CPU
		{60F4A5ED-F484-48CD-9A03-AEDCB685C37A}.Debug|Any CPU.Build.0 = Debug|Any CPU
		{60F4A5ED-F484-48CD-9A03-AEDCB685C37A}.Release|Any CPU.ActiveCfg = Release|Any CPU
		{60F4A5ED-F484-48CD-9A03-AEDCB685C37A}.Release|Any CPU.Build.0 = Release|Any CPU
		{DA3F28E0-7C56-4D0D-A01A-51058642E01D}.Debug|Any CPU.ActiveCfg = Debug|Any CPU
		{DA3F28E0-7C56-4D0D-A01A-51058642E01D}.Debug|Any CPU.Build.0 = Debug|Any CPU
		{DA3F28E0-7C56-4D0D-A01A-51058642E01D}.Release|Any CPU.ActiveCfg = Release|Any CPU
		{DA3F28E0-7C56-4D0D-A01A-51058642E01D}.Release|Any CPU.Build.0 = Release|Any CPU
		{51E12A7E-52AB-4186-B3FC-3C5044ED44AF}.Debug|Any CPU.ActiveCfg = Debug|Any CPU
		{51E12A7E-52AB-4186-B3FC-3C5044ED44AF}.Debug|Any CPU.Build.0 = Debug|Any CPU
		{51E12A7E-52AB-4186-B3FC-3C5044ED44AF}.Release|Any CPU.ActiveCfg = Release|Any CPU
		{51E12A7E-52AB-4186-B3FC-3C5044ED44AF}.Release|Any CPU.Build.0 = Release|Any CPU
		{230542A5-4021-415E-9D0C-D5C8FE18243F}.Debug|Any CPU.ActiveCfg = Debug|Any CPU
		{230542A5-4021-415E-9D0C-D5C8FE18243F}.Debug|Any CPU.Build.0 = Debug|Any CPU
		{230542A5-4021-415E-9D0C-D5C8FE18243F}.Release|Any CPU.ActiveCfg = Release|Any CPU
		{230542A5-4021-415E-9D0C-D5C8FE18243F}.Release|Any CPU.Build.0 = Release|Any CPU
		{95ABF528-B5C1-4441-BF0C-EB53E44E71B7}.Debug|Any CPU.ActiveCfg = Debug|Any CPU
		{95ABF528-B5C1-4441-BF0C-EB53E44E71B7}.Debug|Any CPU.Build.0 = Debug|Any CPU
		{95ABF528-B5C1-4441-BF0C-EB53E44E71B7}.Release|Any CPU.ActiveCfg = Release|Any CPU
		{95ABF528-B5C1-4441-BF0C-EB53E44E71B7}.Release|Any CPU.Build.0 = Release|Any CPU
		{78B8B947-0C37-4F4B-8BA1-D6D930996CF2}.Debug|Any CPU.ActiveCfg = Debug|Any CPU
		{78B8B947-0C37-4F4B-8BA1-D6D930996CF2}.Debug|Any CPU.Build.0 = Debug|Any CPU
		{78B8B947-0C37-4F4B-8BA1-D6D930996CF2}.Release|Any CPU.ActiveCfg = Release|Any CPU
		{78B8B947-0C37-4F4B-8BA1-D6D930996CF2}.Release|Any CPU.Build.0 = Release|Any CPU
		{D382B832-B77B-4060-8E4A-53D07E732CEC}.Debug|Any CPU.ActiveCfg = Debug|Any CPU
		{D382B832-B77B-4060-8E4A-53D07E732CEC}.Debug|Any CPU.Build.0 = Debug|Any CPU
		{D382B832-B77B-4060-8E4A-53D07E732CEC}.Release|Any CPU.ActiveCfg = Release|Any CPU
		{D382B832-B77B-4060-8E4A-53D07E732CEC}.Release|Any CPU.Build.0 = Release|Any CPU
		{ACA69F32-DCEE-4A64-AA97-8F0676988D63}.Debug|Any CPU.ActiveCfg = Debug|Any CPU
		{ACA69F32-DCEE-4A64-AA97-8F0676988D63}.Debug|Any CPU.Build.0 = Debug|Any CPU
		{ACA69F32-DCEE-4A64-AA97-8F0676988D63}.Release|Any CPU.ActiveCfg = Release|Any CPU
		{ACA69F32-DCEE-4A64-AA97-8F0676988D63}.Release|Any CPU.Build.0 = Release|Any CPU
		{8F2F58D4-A58E-4EF6-8CFA-3970001DCFF9}.Debug|Any CPU.ActiveCfg = Debug|Any CPU
		{8F2F58D4-A58E-4EF6-8CFA-3970001DCFF9}.Debug|Any CPU.Build.0 = Debug|Any CPU
		{8F2F58D4-A58E-4EF6-8CFA-3970001DCFF9}.Release|Any CPU.ActiveCfg = Release|Any CPU
		{8F2F58D4-A58E-4EF6-8CFA-3970001DCFF9}.Release|Any CPU.Build.0 = Release|Any CPU
		{57F60062-AE11-494D-9AAB-317FFB2CF44A}.Debug|Any CPU.ActiveCfg = Debug|Any CPU
		{57F60062-AE11-494D-9AAB-317FFB2CF44A}.Debug|Any CPU.Build.0 = Debug|Any CPU
		{57F60062-AE11-494D-9AAB-317FFB2CF44A}.Release|Any CPU.ActiveCfg = Release|Any CPU
		{57F60062-AE11-494D-9AAB-317FFB2CF44A}.Release|Any CPU.Build.0 = Release|Any CPU
	EndGlobalSection
	GlobalSection(SolutionProperties) = preSolution
		HideSolutionNode = FALSE
	EndGlobalSection
	GlobalSection(ExtensibilityGlobals) = postSolution
		SolutionGuid = {7157BF5E-D173-4ABA-99F1-E65EC38ECBDD}
	EndGlobalSection
EndGlobal
